{
  "name": "CalorieTracker",
  "lockfileVersion": 2,
  "requires": true,
  "packages": {
    "": {
      "dependencies": {
        "htmx.org": "^1.9.0"
      }
    },
    "node_modules/htmx.org": {
      "version": "1.9.0",
      "resolved": "https://registry.npmjs.org/htmx.org/-/htmx.org-1.9.0.tgz",
      "integrity": "sha512-yDLbgDmyhPRLFyd8s+FjCz3KKuF9pw1j8ECWqp//TCraqmkYzeAxufJZz7q5tUfhJJo49b74IP0Ww3SUL1o7Ew=="
    }
  },
  "dependencies": {
    "htmx.org": {
      "version": "1.9.0",
      "resolved": "https://registry.npmjs.org/htmx.org/-/htmx.org-1.9.0.tgz",
      "integrity": "sha512-yDLbgDmyhPRLFyd8s+FjCz3KKuF9pw1j8ECWqp//TCraqmkYzeAxufJZz7q5tUfhJJo49b74IP0Ww3SUL1o7Ew=="
    }
  }
}
